// !$*UTF8*$!
{
	archiveVersion = 1;
	classes = {
	};
	objectVersion = 50;
	objects = {

/* Begin PBXBuildFile section */
		A62D726A249638EC00AFF8BB /* AppDelegate.swift in Sources */ = {isa = PBXBuildFile; fileRef = A62D7269249638EC00AFF8BB /* AppDelegate.swift */; };
		A62D726C249638EC00AFF8BB /* SceneDelegate.swift in Sources */ = {isa = PBXBuildFile; fileRef = A62D726B249638EC00AFF8BB /* SceneDelegate.swift */; };
		A62D726E249638EC00AFF8BB /* ContentView.swift in Sources */ = {isa = PBXBuildFile; fileRef = A62D726D249638EC00AFF8BB /* ContentView.swift */; };
		A62D7270249638F500AFF8BB /* Assets.xcassets in Resources */ = {isa = PBXBuildFile; fileRef = A62D726F249638F500AFF8BB /* Assets.xcassets */; };
		A62D7273249638F500AFF8BB /* Preview Assets.xcassets in Resources */ = {isa = PBXBuildFile; fileRef = A62D7272249638F500AFF8BB /* Preview Assets.xcassets */; };
		A62D7276249638F500AFF8BB /* LaunchScreen.storyboard in Resources */ = {isa = PBXBuildFile; fileRef = A62D7274249638F500AFF8BB /* LaunchScreen.storyboard */; };
		A62D727E249790DE00AFF8BB /* TimerData.swift in Sources */ = {isa = PBXBuildFile; fileRef = A62D727D249790DE00AFF8BB /* TimerData.swift */; };
		A62D7280249794EB00AFF8BB /* SecondView.swift in Sources */ = {isa = PBXBuildFile; fileRef = A62D727F249794EB00AFF8BB /* SecondView.swift */; };
/* End PBXBuildFile section */

/* Begin PBXFileReference section */
		A62D7266249638EC00AFF8BB /* SwiftUIEssential.app */ = {isa = PBXFileReference; explicitFileType = wrapper.application; includeInIndex = 0; path = SwiftUIEssential.app; sourceTree = BUILT_PRODUCTS_DIR; };
		A62D7269249638EC00AFF8BB /* AppDelegate.swift */ = {isa = PBXFileReference; lastKnownFileType = sourcecode.swift; path = AppDelegate.swift; sourceTree = "<group>"; };
		A62D726B249638EC00AFF8BB /* SceneDelegate.swift */ = {isa = PBXFileReference; lastKnownFileType = sourcecode.swift; path = SceneDelegate.swift; sourceTree = "<group>"; };
		A62D726D249638EC00AFF8BB /* ContentView.swift */ = {isa = PBXFileReference; lastKnownFileType = sourcecode.swift; path = ContentView.swift; sourceTree = "<group>"; };
		A62D726F249638F500AFF8BB /* Assets.xcassets */ = {isa = PBXFileReference; lastKnownFileType = folder.assetcatalog; path = Assets.xcassets; sourceTree = "<group>"; };
		A62D7272249638F500AFF8BB /* Preview Assets.xcassets */ = {isa = PBXFileReference; lastKnownFileType = folder.assetcatalog; path = "Preview Assets.xcassets"; sourceTree = "<group>"; };
		A62D7275249638F500AFF8BB /* Base */ = {isa = PBXFileReference; lastKnownFileType = file.storyboard; name = Base; path = Base.lproj/LaunchScreen.storyboard; sourceTree = "<group>"; };
		A62D7277249638F500AFF8BB /* Info.plist */ = {isa = PBXFileReference; lastKnownFileType = text.plist.xml; path = Info.plist; sourceTree = "<group>"; };
		A62D727D249790DE00AFF8BB /* TimerData.swift */ = {isa = PBXFileReference; lastKnownFileType = sourcecode.swift; path = TimerData.swift; sourceTree = "<group>"; };
		A62D727F249794EB00AFF8BB /* SecondView.swift */ = {isa = PBXFileReference; lastKnownFileType = sourcecode.swift; path = SecondView.swift; sourceTree = "<group>"; };
/* End PBXFileReference section */

/* Begin PBXFrameworksBuildPhase section */
		A62D7263249638EB00AFF8BB /* Frameworks */ = {
			isa = PBXFrameworksBuildPhase;
			buildActionMask = 2147483647;
			files = (
			);
			runOnlyForDeploymentPostprocessing = 0;
		};
/* End PBXFrameworksBuildPhase section */

/* Begin PBXGroup section */
		A62D725D249638EB00AFF8BB = {
			isa = PBXGroup;
			children = (
				A62D7268249638EC00AFF8BB /* SwiftUIEssential */,
				A62D7267249638EC00AFF8BB /* Products */,
			);
			sourceTree = "<group>";
		};
		A62D7267249638EC00AFF8BB /* Products */ = {
			isa = PBXGroup;
			children = (
				A62D7266249638EC00AFF8BB /* SwiftUIEssential.app */,
			);
			name = Products;
			sourceTree = "<group>";
		};
		A62D7268249638EC00AFF8BB /* SwiftUIEssential */ = {
			isa = PBXGroup;
			children = (
				A62D7269249638EC00AFF8BB /* AppDelegate.swift */,
				A62D726B249638EC00AFF8BB /* SceneDelegate.swift */,
				A62D726D249638EC00AFF8BB /* ContentView.swift */,
				A62D727F249794EB00AFF8BB /* SecondView.swift */,
				A62D727D249790DE00AFF8BB /* TimerData.swift */,
				A62D726F249638F500AFF8BB /* Assets.xcassets */,
				A62D7274249638F500AFF8BB /* LaunchScreen.storyboard */,
				A62D7277249638F500AFF8BB /* Info.plist */,
				A62D7271249638F500AFF8BB /* Preview Content */,
			);
			path = SwiftUIEssential;
			sourceTree = "<group>";
		};
		A62D7271249638F500AFF8BB /* Preview Content */ = {
			isa = PBXGroup;
			children = (
				A62D7272249638F500AFF8BB /* Preview Assets.xcassets */,
			);
			path = "Preview Content";
			sourceTree = "<group>";
		};
/* End PBXGroup section */

/* Begin PBXNativeTarget section */
		A62D7265249638EB00AFF8BB /* SwiftUIEssential */ = {
			isa = PBXNativeTarget;
			buildConfigurationList = A62D727A249638F500AFF8BB /* Build configuration list for PBXNativeTarget "SwiftUIEssential" */;
			buildPhases = (
				A62D7262249638EB00AFF8BB /* Sources */,
				A62D7263249638EB00AFF8BB /* Frameworks */,
				A62D7264249638EB00AFF8BB /* Resources */,
			);
			buildRules = (
			);
			dependencies = (
			);
			name = SwiftUIEssential;
			productName = SwiftUIEssential;
			productReference = A62D7266249638EC00AFF8BB /* SwiftUIEssential.app */;
			productType = "com.apple.product-type.application";
		};
/* End PBXNativeTarget section */

/* Begin PBXProject section */
		A62D725E249638EB00AFF8BB /* Project object */ = {
			isa = PBXProject;
			attributes = {
				LastSwiftUpdateCheck = 1150;
				LastUpgradeCheck = 1150;
				ORGANIZATIONNAME = "hoya kim";
				TargetAttributes = {
					A62D7265249638EB00AFF8BB = {
						CreatedOnToolsVersion = 11.5;
					};
				};
			};
			buildConfigurationList = A62D7261249638EB00AFF8BB /* Build configuration list for PBXProject "SwiftUIEssential" */;
			compatibilityVersion = "Xcode 9.3";
			developmentRegion = en;
			hasScannedForEncodings = 0;
			knownRegions = (
				en,
				Base,
			);
			mainGroup = A62D725D249638EB00AFF8BB;
			productRefGroup = A62D7267249638EC00AFF8BB /* Products */;
			projectDirPath = "";
			projectRoot = "";
			targets = (
				A62D7265249638EB00AFF8BB /* SwiftUIEssential */,
			);
		};
/* End PBXProject section */

/* Begin PBXResourcesBuildPhase section */
		A62D7264249638EB00AFF8BB /* Resources */ = {
			isa = PBXResourcesBuildPhase;
			buildActionMask = 2147483647;
			files = (
				A62D7276249638F500AFF8BB /* LaunchScreen.storyboard in Resources */,
				A62D7273249638F500AFF8BB /* Preview Assets.xcassets in Resources */,
				A62D7270249638F500AFF8BB /* Assets.xcassets in Resources */,
			);
			runOnlyForDeploymentPostprocessing = 0;
		};
/* End PBXResourcesBuildPhase section */

/* Begin PBXSourcesBuildPhase section */
		A62D7262249638EB00AFF8BB /* Sources */ = {
			isa = PBXSourcesBuildPhase;
			buildActionMask = 2147483647;
			files = (
				A62D726A249638EC00AFF8BB /* AppDelegate.swift in Sources */,
				A62D7280249794EB00AFF8BB /* SecondView.swift in Sources */,
				A62D727E249790DE00AFF8BB /* TimerData.swift in Sources */,
				A62D726C249638EC00AFF8BB /* SceneDelegate.swift in Sources */,
				A62D726E249638EC00AFF8BB /* ContentView.swift in Sources */,
			);
			runOnlyForDeploymentPostprocessing = 0;
		};
/* End PBXSourcesBuildPhase section */

/* Begin PBXVariantGroup section */
		A62D7274249638F500AFF8BB /* LaunchScreen.storyboard */ = {
			isa = PBXVariantGroup;
			children = (
				A62D7275249638F500AFF8BB /* Base */,
			);
			name = LaunchScreen.storyboard;
			sourceTree = "<group>";
		};
/* End PBXVariantGroup section */

/* Begin XCBuildConfiguration section */
		A62D7278249638F500AFF8BB /* Debug */ = {
			isa = XCBuildConfiguration;
			buildSettings = {
				ALWAYS_SEARCH_USER_PATHS = NO;
				CLANG_ANALYZER_NONNULL = YES;
				CLANG_ANALYZER_NUMBER_OBJECT_CONVERSION = YES_AGGRESSIVE;
				CLANG_CXX_LANGUAGE_STANDARD = "gnu++14";
				CLANG_CXX_LIBRARY = "libc++";
				CLANG_ENABLE_MODULES = YES;
				CLANG_ENABLE_OBJC_ARC = YES;
				CLANG_ENABLE_OBJC_WEAK = YES;
				CLANG_WARN_BLOCK_CAPTURE_AUTORELEASING = YES;
				CLANG_WARN_BOOL_CONVERSION = YES;
				CLANG_WARN_COMMA = YES;
				CLANG_WARN_CONSTANT_CONVERSION = YES;
				CLANG_WARN_DEPRECATED_OBJC_IMPLEMENTATIONS = YES;
				CLANG_WARN_DIRECT_OBJC_ISA_USAGE = YES_ERROR;
				CLANG_WARN_DOCUMENTATION_COMMENTS = YES;
				CLANG_WARN_EMPTY_BODY = YES;
				CLANG_WARN_ENUM_CONVERSION = YES;
				CLANG_WARN_INFINITE_RECURSION = YES;
				CLANG_WARN_INT_CONVERSION = YES;
				CLANG_WARN_NON_LITERAL_NULL_CONVERSION = YES;
				CLANG_WARN_OBJC_IMPLICIT_RETAIN_SELF = YES;
				CLANG_WARN_OBJC_LITERAL_CONVERSION = YES;
				CLANG_WARN_OBJC_ROOT_CLASS = YES_ERROR;
				CLANG_WARN_RANGE_LOOP_ANALYSIS = YES;
				CLANG_WARN_STRICT_PROTOTYPES = YES;
				CLANG_WARN_SUSPICIOUS_MOVE = YES;
				CLANG_WARN_UNGUARDED_AVAILABILITY = YES_AGGRESSIVE;
				CLANG_WARN_UNREACHABLE_CODE = YES;
				CLANG_WARN__DUPLICATE_METHOD_MATCH = YES;
				COPY_PHASE_STRIP = NO;
				DEBUG_INFORMATION_FORMAT = dwarf;
				ENABLE_STRICT_OBJC_MSGSEND = YES;
				ENABLE_TESTABILITY = YES;
				GCC_C_LANGUAGE_STANDARD = gnu11;
				GCC_DYNAMIC_NO_PIC = NO;
				GCC_NO_COMMON_BLOCKS = YES;
				GCC_OPTIMIZATION_LEVEL = 0;
				GCC_PREPROCESSOR_DEFINITIONS = (
					"DEBUG=1",
					"$(inherited)",
				);
				GCC_WARN_64_TO_32_BIT_CONVERSION = YES;
				GCC_WARN_ABOUT_RETURN_TYPE = YES_ERROR;
				GCC_WARN_UNDECLARED_SELECTOR = YES;
				GCC_WARN_UNINITIALIZED_AUTOS = YES_AGGRESSIVE;
				GCC_WARN_UNUSED_FUNCTION = YES;
				GCC_WARN_UNUSED_VARIABLE = YES;
				IPHONEOS_DEPLOYMENT_TARGET = 13.5;
				MTL_ENABLE_DEBUG_INFO = INCLUDE_SOURCE;
				MTL_FAST_MATH = YES;
				ONLY_ACTIVE_ARCH = YES;
				SDKROOT = iphoneos;
				SWIFT_ACTIVE_COMPILATION_CONDITIONS = DEBUG;
				SWIFT_OPTIMIZATION_LEVEL = "-Onone";
			};
			name = Debug;
		};
		A62D7279249638F500AFF8BB /* Release */ = {
			isa = XCBuildConfiguration;
			buildSettings = {
				ALWAYS_SEARCH_USER_PATHS = NO;
				CLANG_ANALYZER_NONNULL = YES;
				CLANG_ANALYZER_NUMBER_OBJECT_CONVERSION = YES_AGGRESSIVE;
				CLANG_CXX_LANGUAGE_STANDARD = "gnu++14";
				CLANG_CXX_LIBRARY = "libc++";
				CLANG_ENABLE_MODULES = YES;
				CLANG_ENABLE_OBJC_ARC = YES;
				CLANG_ENABLE_OBJC_WEAK = YES;
				CLANG_WARN_BLOCK_CAPTURE_AUTORELEASING = YES;
				CLANG_WARN_BOOL_CONVERSION = YES;
				CLANG_WARN_COMMA = YES;
				CLANG_WARN_CONSTANT_CONVERSION = YES;
				CLANG_WARN_DEPRECATED_OBJC_IMPLEMENTATIONS = YES;
				CLANG_WARN_DIRECT_OBJC_ISA_USAGE = YES_ERROR;
				CLANG_WARN_DOCUMENTATION_COMMENTS = YES;
				CLANG_WARN_EMPTY_BODY = YES;
				CLANG_WARN_ENUM_CONVERSION = YES;
				CLANG_WARN_INFINITE_RECURSION = YES;
				CLANG_WARN_INT_CONVERSION = YES;
				CLANG_WARN_NON_LITERAL_NULL_CONVERSION = YES;
				CLANG_WARN_OBJC_IMPLICIT_RETAIN_SELF = YES;
				CLANG_WARN_OBJC_LITERAL_CONVERSION = YES;
				CLANG_WARN_OBJC_ROOT_CLASS = YES_ERROR;
				CLANG_WARN_RANGE_LOOP_ANALYSIS = YES;
				CLANG_WARN_STRICT_PROTOTYPES = YES;
				CLANG_WARN_SUSPICIOUS_MOVE = YES;
				CLANG_WARN_UNGUARDED_AVAILABILITY = YES_AGGRESSIVE;
				CLANG_WARN_UNREACHABLE_CODE = YES;
				CLANG_WARN__DUPLICATE_METHOD_MATCH = YES;
				COPY_PHASE_STRIP = NO;
				DEBUG_INFORMATION_FORMAT = "dwarf-with-dsym";
				ENABLE_NS_ASSERTIONS = NO;
				ENABLE_STRICT_OBJC_MSGSEND = YES;
				GCC_C_LANGUAGE_STANDARD = gnu11;
				GCC_NO_COMMON_BLOCKS = YES;
				GCC_WARN_64_TO_32_BIT_CONVERSION = YES;
				GCC_WARN_ABOUT_RETURN_TYPE = YES_ERROR;
				GCC_WARN_UNDECLARED_SELECTOR = YES;
				GCC_WARN_UNINITIALIZED_AUTOS = YES_AGGRESSIVE;
				GCC_WARN_UNUSED_FUNCTION = YES;
				GCC_WARN_UNUSED_VARIABLE = YES;
				IPHONEOS_DEPLOYMENT_TARGET = 13.5;
				MTL_ENABLE_DEBUG_INFO = NO;
				MTL_FAST_MATH = YES;
				SDKROOT = iphoneos;
				SWIFT_COMPILATION_MODE = wholemodule;
				SWIFT_OPTIMIZATION_LEVEL = "-O";
				VALIDATE_PRODUCT = YES;
			};
			name = Release;
		};
		A62D727B249638F500AFF8BB /* Debug */ = {
			isa = XCBuildConfiguration;
			buildSettings = {
				ASSETCATALOG_COMPILER_APPICON_NAME = AppIcon;
				CODE_SIGN_STYLE = Automatic;
				DEVELOPMENT_ASSET_PATHS = "\"SwiftUIEssential/Preview Content\"";
				DEVELOPMENT_TEAM = 3YDA85JC44;
				ENABLE_PREVIEWS = YES;
				INFOPLIST_FILE = SwiftUIEssential/Info.plist;
				LD_RUNPATH_SEARCH_PATHS = (
					"$(inherited)",
					"@executable_path/Frameworks",
				);
				PRODUCT_BUNDLE_IDENTIFIER = com.example.SwiftUIEssential;
				PRODUCT_NAME = "$(TARGET_NAME)";
				SWIFT_VERSION = 5.0;
				TARGETED_DEVICE_FAMILY = "1,2";
			};
			name = Debug;
		};
		A62D727C249638F500AFF8BB /* Release */ = {
			isa = XCBuildConfiguration;
			buildSettings = {
				ASSETCATALOG_COMPILER_APPICON_NAME = AppIcon;
				CODE_SIGN_STYLE = Automatic;
				DEVELOPMENT_ASSET_PATHS = "\"SwiftUIEssential/Preview Content\"";
				DEVELOPMENT_TEAM = 3YDA85JC44;
				ENABLE_PREVIEWS = YES;
				INFOPLIST_FILE = SwiftUIEssential/Info.plist;
				LD_RUNPATH_SEARCH_PATHS = (
					"$(inherited)",
					"@executable_path/Frameworks",
				);
				PRODUCT_BUNDLE_IDENTIFIER = com.example.SwiftUIEssential;
				PRODUCT_NAME = "$(TARGET_NAME)";
				SWIFT_VERSION = 5.0;
				TARGETED_DEVICE_FAMILY = "1,2";
			};
			name = Release;
		};
/* End XCBuildConfiguration section */

/* Begin XCConfigurationList section */
		A62D7261249638EB00AFF8BB /* Build configuration list for PBXProject "SwiftUIEssential" */ = {
			isa = XCConfigurationList;
			buildConfigurations = (
				A62D7278249638F500AFF8BB /* Debug */,
				A62D7279249638F500AFF8BB /* Release */,
			);
			defaultConfigurationIsVisible = 0;
			defaultConfigurationName = Release;
		};
		A62D727A249638F500AFF8BB /* Build configuration list for PBXNativeTarget "SwiftUIEssential" */ = {
			isa = XCConfigurationList;
			buildConfigurations = (
				A62D727B249638F500AFF8BB /* Debug */,
				A62D727C249638F500AFF8BB /* Release */,
			);
			defaultConfigurationIsVisible = 0;
			defaultConfigurationName = Release;
		};
/* End XCConfigurationList section */
	};
	rootObject = A62D725E249638EB00AFF8BB /* Project object */;
}
